{
    "_meta": {
        "hash": {
            "sha256": "006a386b6192776b2284834f09d82c4647c8d8fc3c60c43502e2b9f6201260c4"
        },
        "pipfile-spec": 6,
        "requires": {
            "python_version": "3.7"
        },
        "sources": [
            {
                "name": "pypi",
                "url": "https://pypi.org/simple",
                "verify_ssl": true
            }
        ]
    },
    "default": {
        "numpy": {
            "hashes": [
                "sha256:14804866e57322bf601c966e428c271b7e301b631bdfbe0522800483b802bc58",
                "sha256:15db548aade41e32bfb6f6d3d9e91797261197622afe4102f79220d17da2a29f",
                "sha256:16507ba6617f62ae3c6ab1725ae6f550331025d4d9a369b83f6d5a470446c342",
                "sha256:1739f079e2fcc985cc187aa3ce489d127a02ff12bcc5178269bb7ce5dc860e8f",
                "sha256:259b5aa0a1d2e63bbe9d985bc8249b515541b9993e1b1540563428f5db7bc389",
                "sha256:31db2f9604afbf897b23478942074bbbb2513467d2b4b4ac573a7b65c63c073c",
                "sha256:348efb76a26f9f3235e492813503639731a885aa5780579ee28d688607d188b2",
                "sha256:4760bcc6adaf0d853379d01ce60f320e5ab6d0d719662aef3c460dad3cf79989",
                "sha256:5347fc1258ebe501d352363da06229fc97785d67423b56a9fd032a8389355781",
                "sha256:6167d214a842610d4168311d803f2a6f2c1a9a866b6b370f7408ba508d265add",
                "sha256:6338f8fa99ea0b00944a256941eea406089a9c0242f594b69289edd91e2d6192",
                "sha256:68bdc37f3ccdc3e945914b3201acd8823ac9dec870ede5371cd5cfedcf5a901a",
                "sha256:6c6cab8089ad39554d7fed04d338e7bd7ea6ac48235a542ea0b37214c8d0a9bc",
                "sha256:73d20aebe518997dce89da356d4b8e4cf60143151c22a0ec76cb00840bb09320",
                "sha256:8ba8ef37b16288dd2390cd9dea3c8470436f6cfe4c665f4640c349e98bae2908",
                "sha256:aa3dd92c1427e032fe345f054503f45c9fc7883aa7156a60900641259dd78a78",
                "sha256:af51bc1d78ddc1588115b73a1d3824440f5cf55c498681e8ac4ab2f28f0efa99",
                "sha256:c3fb7eb84cd455ea2294980e557cc40b0042f7fc7ebab28c74ccae85c8b0c2c4",
                "sha256:ca43581440ce2585f83c8d524c3435569b212bf281b7c67395e78260fcffb341",
                "sha256:d977a91f7b02b14843562d2e8740acfdfb46996e64985b69b2d404bfa43bc07d",
                "sha256:fc56ec046a2cc3aba91fe29e482c145c17925db1b00eafa924d9e16020a3eb88"
            ],
            "index": "pypi",
            "version": "==1.17.5"
        },
        "python-dateutil": {
            "hashes": [
                "sha256:73ebfe9dbf22e832286dafa60473e4cd239f8592f699aa5adaf10050e6e1823c",
                "sha256:75bb3f31ea686f1197762692a9ee6a7550b59fc6ca3a1f4b5d7e32fb98e2da2a"
            ],
            "index": "pypi",
            "version": "==2.8.1"
        },
        "pytz": {
            "hashes": [
                "sha256:a494d53b6d39c3c6e44c3bec237336e14305e4f29bbf800b599253057fbb79ed",
                "sha256:c35965d010ce31b23eeb663ed3cc8c906275d6be1a34393a1d73a41febf4a048"
            ],
            "index": "pypi",
            "version": "==2020.1"
        },
        "six": {
            "hashes": [
                "sha256:30639c035cdb23534cd4aa2dd52c3bf48f06e5f4a941509c8bafd8ce11080259",
                "sha256:8b74bedcbbbaca38ff6d7491d76f2b06b3592611af620f8426e82dddb04a5ced"
            ],
            "index": "pypi",
            "version": "==1.15.0"
        }
    },
    "develop": {}
}
